
Microsoft Visual Studio Solution File, Format Version 12.00
# Visual Studio 15
VisualStudioVersion = 15.0.28307.852
MinimumVisualStudioVersion = 10.0.40219.1
Project("{FAE04EC0-301F-11D3-BF4B-00C04F79EFBC}") = "APR400_lab4_max_jern", "APR400_lab4_max_jern\APR400_lab4_max_jern.csproj", "{88D47B77-BA3F-41AA-B8AA-00D7B78A746F}"
EndProject
Project("{FAE04EC0-301F-11D3-BF4B-00C04F79EFBC}") = "APR400_lab4_max_jern_TimmerApp", "APR400_lab4_max_jern_TimmerApp\APR400_lab4_max_jern_TimmerApp.csproj", "{249D9D60-5FCE-40C6-9202-7F38011DBE34}"
EndProject
Project("{FAE04EC0-301F-11D3-BF4B-00C04F79EFBC}") = "APR400_lab4_max_jern_WindowsService", "APR400_lab4_max_jern_WindowsService\APR400_lab4_max_jern_WindowsService.csproj", "{5E3AC516-EBF4-4E40-8061-429E1745E2B0}"
EndProject
Global
	GlobalSection(SolutionConfigurationPlatforms) = preSolution
		Debug|Any CPU = Debug|Any CPU
		Release|Any CPU = Release|Any CPU
	EndGlobalSection
	GlobalSection(ProjectConfigurationPlatforms) = postSolution
		{88D47B77-BA3F-41AA-B8AA-00D7B78A746F}.Debug|Any CPU.ActiveCfg = Debug|Any CPU
		{88D47B77-BA3F-41AA-B8AA-00D7B78A746F}.Debug|Any CPU.Build.0 = Debug|Any CPU
		{88D47B77-BA3F-41AA-B8AA-00D7B78A746F}.Release|Any CPU.ActiveCfg = Release|Any CPU
		{88D47B77-BA3F-41AA-B8AA-00D7B78A746F}.Release|Any CPU.Build.0 = Release|Any CPU
		{249D9D60-5FCE-40C6-9202-7F38011DBE34}.Debug|Any CPU.ActiveCfg = Debug|Any CPU
		{249D9D60-5FCE-40C6-9202-7F38011DBE34}.Debug|Any CPU.Build.0 = Debug|Any CPU
		{249D9D60-5FCE-40C6-9202-7F38011DBE34}.Release|Any CPU.ActiveCfg = Release|Any CPU
		{249D9D60-5FCE-40C6-9202-7F38011DBE34}.Release|Any CPU.Build.0 = Release|Any CPU
		{5E3AC516-EBF4-4E40-8061-429E1745E2B0}.Debug|Any CPU.ActiveCfg = Debug|Any CPU
		{5E3AC516-EBF4-4E40-8061-429E1745E2B0}.Debug|Any CPU.Build.0 = Debug|Any CPU
		{5E3AC516-EBF4-4E40-8061-429E1745E2B0}.Release|Any CPU.ActiveCfg = Release|Any CPU
		{5E3AC516-EBF4-4E40-8061-429E1745E2B0}.Release|Any CPU.Build.0 = Release|Any CPU
	EndGlobalSection
	GlobalSection(SolutionProperties) = preSolution
		HideSolutionNode = FALSE
	EndGlobalSection
	GlobalSection(ExtensibilityGlobals) = postSolution
		SolutionGuid = {CBBDF608-8B32-4BF5-A990-9927ACAA558D}
	EndGlobalSection
EndGlobal
